Microsoft Visual Studio Solution File, Format Version 12.00
# Visual Studio Version 17
VisualStudioVersion = 17.5.2.0
MinimumVisualStudioVersion = 10.0.40219.1
Project("{FAE04EC0-301F-11D3-BF4B-00C04F79EFBC}") = "dotnet-test-ef-db-first", "dotnet-test-ef-db-first.csproj", "{5E08C2C9-1159-DAF1-D6E0-A2D042CE3F99}"
EndProject
Global
	GlobalSection(SolutionConfigurationPlatforms) = preSolution
		Debug|Any CPU = Debug|Any CPU
		Release|Any CPU = Release|Any CPU
	EndGlobalSection
	GlobalSection(ProjectConfigurationPlatforms) = postSolution
		{5E08C2C9-1159-DAF1-D6E0-A2D042CE3F99}.Debug|Any CPU.ActiveCfg = Debug|Any CPU
		{5E08C2C9-1159-DAF1-D6E0-A2D042CE3F99}.Debug|Any CPU.Build.0 = Debug|Any CPU
		{5E08C2C9-1159-DAF1-D6E0-A2D042CE3F99}.Release|Any CPU.ActiveCfg = Release|Any CPU
		{5E08C2C9-1159-DAF1-D6E0-A2D042CE3F99}.Release|Any CPU.Build.0 = Release|Any CPU
	EndGlobalSection
	GlobalSection(SolutionProperties) = preSolution
		HideSolutionNode = FALSE
	EndGlobalSection
	GlobalSection(ExtensibilityGlobals) = postSolution
		SolutionGuid = {A369FDE5-1560-4738-B162-61A3269E1237}
	EndGlobalSection
EndGlobal
